// !$*UTF8*$!
{
	archiveVersion = 1;
	classes = {
	};
	objectVersion = 50;
	objects = {

/* Begin PBXBuildFile section */
		8DA58987245A4DB8000CFAEC /* AppDelegate.swift in Sources */ = {isa = PBXBuildFile; fileRef = 8DA58986245A4DB8000CFAEC /* AppDelegate.swift */; };
		8DA58989245A4DB8000CFAEC /* SceneDelegate.swift in Sources */ = {isa = PBXBuildFile; fileRef = 8DA58988245A4DB8000CFAEC /* SceneDelegate.swift */; };
		8DA5898B245A4DB8000CFAEC /* ContentView.swift in Sources */ = {isa = PBXBuildFile; fileRef = 8DA5898A245A4DB8000CFAEC /* ContentView.swift */; };
		8DA5898D245A4DBA000CFAEC /* Assets.xcassets in Resources */ = {isa = PBXBuildFile; fileRef = 8DA5898C245A4DBA000CFAEC /* Assets.xcassets */; };
		8DA58990245A4DBA000CFAEC /* Preview Assets.xcassets in Resources */ = {isa = PBXBuildFile; fileRef = 8DA5898F245A4DBA000CFAEC /* Preview Assets.xcassets */; };
		8DA58993245A4DBA000CFAEC /* LaunchScreen.storyboard in Resources */ = {isa = PBXBuildFile; fileRef = 8DA58991245A4DBA000CFAEC /* LaunchScreen.storyboard */; };
		8DA5899E245A55BF000CFAEC /* Webservice.swift in Sources */ = {isa = PBXBuildFile; fileRef = 8DA5899D245A55BF000CFAEC /* Webservice.swift */; };
		8DA589A0245A55D4000CFAEC /* Tracking.swift in Sources */ = {isa = PBXBuildFile; fileRef = 8DA5899F245A55D4000CFAEC /* Tracking.swift */; };
		8DA589A2245A55E3000CFAEC /* TrackingViewModel.swift in Sources */ = {isa = PBXBuildFile; fileRef = 8DA589A1245A55E3000CFAEC /* TrackingViewModel.swift */; };
/* End PBXBuildFile section */

/* Begin PBXFileReference section */
		8DA58983245A4DB8000CFAEC /* COVID19App.app */ = {isa = PBXFileReference; explicitFileType = wrapper.application; includeInIndex = 0; path = COVID19App.app; sourceTree = BUILT_PRODUCTS_DIR; };
		8DA58986245A4DB8000CFAEC /* AppDelegate.swift */ = {isa = PBXFileReference; lastKnownFileType = sourcecode.swift; path = AppDelegate.swift; sourceTree = "<group>"; };
		8DA58988245A4DB8000CFAEC /* SceneDelegate.swift */ = {isa = PBXFileReference; lastKnownFileType = sourcecode.swift; path = SceneDelegate.swift; sourceTree = "<group>"; };
		8DA5898A245A4DB8000CFAEC /* ContentView.swift */ = {isa = PBXFileReference; lastKnownFileType = sourcecode.swift; path = ContentView.swift; sourceTree = "<group>"; };
		8DA5898C245A4DBA000CFAEC /* Assets.xcassets */ = {isa = PBXFileReference; lastKnownFileType = folder.assetcatalog; path = Assets.xcassets; sourceTree = "<group>"; };
		8DA5898F245A4DBA000CFAEC /* Preview Assets.xcassets */ = {isa = PBXFileReference; lastKnownFileType = folder.assetcatalog; path = "Preview Assets.xcassets"; sourceTree = "<group>"; };
		8DA58992245A4DBA000CFAEC /* Base */ = {isa = PBXFileReference; lastKnownFileType = file.storyboard; name = Base; path = Base.lproj/LaunchScreen.storyboard; sourceTree = "<group>"; };
		8DA58994245A4DBA000CFAEC /* Info.plist */ = {isa = PBXFileReference; lastKnownFileType = text.plist.xml; path = Info.plist; sourceTree = "<group>"; };
		8DA5899D245A55BF000CFAEC /* Webservice.swift */ = {isa = PBXFileReference; lastKnownFileType = sourcecode.swift; path = Webservice.swift; sourceTree = "<group>"; };
		8DA5899F245A55D4000CFAEC /* Tracking.swift */ = {isa = PBXFileReference; lastKnownFileType = sourcecode.swift; path = Tracking.swift; sourceTree = "<group>"; };
		8DA589A1245A55E3000CFAEC /* TrackingViewModel.swift */ = {isa = PBXFileReference; lastKnownFileType = sourcecode.swift; path = TrackingViewModel.swift; sourceTree = "<group>"; };
/* End PBXFileReference section */

/* Begin PBXFrameworksBuildPhase section */
		8DA58980245A4DB8000CFAEC /* Frameworks */ = {
			isa = PBXFrameworksBuildPhase;
			buildActionMask = 2147483647;
			files = (
			);
			runOnlyForDeploymentPostprocessing = 0;
		};
/* End PBXFrameworksBuildPhase section */

/* Begin PBXGroup section */
		8DA5897A245A4DB8000CFAEC = {
			isa = PBXGroup;
			children = (
				8DA58985245A4DB8000CFAEC /* COVID19App */,
				8DA58984245A4DB8000CFAEC /* Products */,
			);
			sourceTree = "<group>";
		};
		8DA58984245A4DB8000CFAEC /* Products */ = {
			isa = PBXGroup;
			children = (
				8DA58983245A4DB8000CFAEC /* COVID19App.app */,
			);
			name = Products;
			sourceTree = "<group>";
		};
		8DA58985245A4DB8000CFAEC /* COVID19App */ = {
			isa = PBXGroup;
			children = (
				8DA5899C245A55B5000CFAEC /* Services */,
				8DA5899B245A55A8000CFAEC /* View Models */,
				8DA5899A245A55A3000CFAEC /* Models */,
				8DA58986245A4DB8000CFAEC /* AppDelegate.swift */,
				8DA58988245A4DB8000CFAEC /* SceneDelegate.swift */,
				8DA5898A245A4DB8000CFAEC /* ContentView.swift */,
				8DA5898C245A4DBA000CFAEC /* Assets.xcassets */,
				8DA58991245A4DBA000CFAEC /* LaunchScreen.storyboard */,
				8DA58994245A4DBA000CFAEC /* Info.plist */,
				8DA5898E245A4DBA000CFAEC /* Preview Content */,
			);
			path = COVID19App;
			sourceTree = "<group>";
		};
		8DA5898E245A4DBA000CFAEC /* Preview Content */ = {
			isa = PBXGroup;
			children = (
				8DA5898F245A4DBA000CFAEC /* Preview Assets.xcassets */,
			);
			path = "Preview Content";
			sourceTree = "<group>";
		};
		8DA5899A245A55A3000CFAEC /* Models */ = {
			isa = PBXGroup;
			children = (
				8DA5899F245A55D4000CFAEC /* Tracking.swift */,
			);
			path = Models;
			sourceTree = "<group>";
		};
		8DA5899B245A55A8000CFAEC /* View Models */ = {
			isa = PBXGroup;
			children = (
				8DA589A1245A55E3000CFAEC /* TrackingViewModel.swift */,
			);
			path = "View Models";
			sourceTree = "<group>";
		};
		8DA5899C245A55B5000CFAEC /* Services */ = {
			isa = PBXGroup;
			children = (
				8DA5899D245A55BF000CFAEC /* Webservice.swift */,
			);
			path = Services;
			sourceTree = "<group>";
		};
/* End PBXGroup section */

/* Begin PBXNativeTarget section */
		8DA58982245A4DB8000CFAEC /* COVID19App */ = {
			isa = PBXNativeTarget;
			buildConfigurationList = 8DA58997245A4DBA000CFAEC /* Build configuration list for PBXNativeTarget "COVID19App" */;
			buildPhases = (
				8DA5897F245A4DB8000CFAEC /* Sources */,
				8DA58980245A4DB8000CFAEC /* Frameworks */,
				8DA58981245A4DB8000CFAEC /* Resources */,
			);
			buildRules = (
			);
			dependencies = (
			);
			name = COVID19App;
			productName = COVID19App;
			productReference = 8DA58983245A4DB8000CFAEC /* COVID19App.app */;
			productType = "com.apple.product-type.application";
		};
/* End PBXNativeTarget section */

/* Begin PBXProject section */
		8DA5897B245A4DB8000CFAEC /* Project object */ = {
			isa = PBXProject;
			attributes = {
				LastSwiftUpdateCheck = 1140;
				LastUpgradeCheck = 1140;
				ORGANIZATIONNAME = "Mohammad Azam";
				TargetAttributes = {
					8DA58982245A4DB8000CFAEC = {
						CreatedOnToolsVersion = 11.4;
					};
				};
			};
			buildConfigurationList = 8DA5897E245A4DB8000CFAEC /* Build configuration list for PBXProject "COVID19App" */;
			compatibilityVersion = "Xcode 9.3";
			developmentRegion = en;
			hasScannedForEncodings = 0;
			knownRegions = (
				en,
				Base,
			);
			mainGroup = 8DA5897A245A4DB8000CFAEC;
			productRefGroup = 8DA58984245A4DB8000CFAEC /* Products */;
			projectDirPath = "";
			projectRoot = "";
			targets = (
				8DA58982245A4DB8000CFAEC /* COVID19App */,
			);
		};
/* End PBXProject section */

/* Begin PBXResourcesBuildPhase section */
		8DA58981245A4DB8000CFAEC /* Resources */ = {
			isa = PBXResourcesBuildPhase;
			buildActionMask = 2147483647;
			files = (
				8DA58993245A4DBA000CFAEC /* LaunchScreen.storyboard in Resources */,
				8DA58990245A4DBA000CFAEC /* Preview Assets.xcassets in Resources */,
				8DA5898D245A4DBA000CFAEC /* Assets.xcassets in Resources */,
			);
			runOnlyForDeploymentPostprocessing = 0;
		};
/* End PBXResourcesBuildPhase section */

/* Begin PBXSourcesBuildPhase section */
		8DA5897F245A4DB8000CFAEC /* Sources */ = {
			isa = PBXSourcesBuildPhase;
			buildActionMask = 2147483647;
			files = (
				8DA589A0245A55D4000CFAEC /* Tracking.swift in Sources */,
				8DA589A2245A55E3000CFAEC /* TrackingViewModel.swift in Sources */,
				8DA58987245A4DB8000CFAEC /* AppDelegate.swift in Sources */,
				8DA58989245A4DB8000CFAEC /* SceneDelegate.swift in Sources */,
				8DA5899E245A55BF000CFAEC /* Webservice.swift in Sources */,
				8DA5898B245A4DB8000CFAEC /* ContentView.swift in Sources */,
			);
			runOnlyForDeploymentPostprocessing = 0;
		};
/* End PBXSourcesBuildPhase section */

/* Begin PBXVariantGroup section */
		8DA58991245A4DBA000CFAEC /* LaunchScreen.storyboard */ = {
			isa = PBXVariantGroup;
			children = (
				8DA58992245A4DBA000CFAEC /* Base */,
			);
			name = LaunchScreen.storyboard;
			sourceTree = "<group>";
		};
/* End PBXVariantGroup section */

/* Begin XCBuildConfiguration section */
		8DA58995245A4DBA000CFAEC /* Debug */ = {
			isa = XCBuildConfiguration;
			buildSettings = {
				ALWAYS_SEARCH_USER_PATHS = NO;
				CLANG_ANALYZER_NONNULL = YES;
				CLANG_ANALYZER_NUMBER_OBJECT_CONVERSION = YES_AGGRESSIVE;
				CLANG_CXX_LANGUAGE_STANDARD = "gnu++14";
				CLANG_CXX_LIBRARY = "libc++";
				CLANG_ENABLE_MODULES = YES;
				CLANG_ENABLE_OBJC_ARC = YES;
				CLANG_ENABLE_OBJC_WEAK = YES;
				CLANG_WARN_BLOCK_CAPTURE_AUTORELEASING = YES;
				CLANG_WARN_BOOL_CONVERSION = YES;
				CLANG_WARN_COMMA = YES;
				CLANG_WARN_CONSTANT_CONVERSION = YES;
				CLANG_WARN_DEPRECATED_OBJC_IMPLEMENTATIONS = YES;
				CLANG_WARN_DIRECT_OBJC_ISA_USAGE = YES_ERROR;
				CLANG_WARN_DOCUMENTATION_COMMENTS = YES;
				CLANG_WARN_EMPTY_BODY = YES;
				CLANG_WARN_ENUM_CONVERSION = YES;
				CLANG_WARN_INFINITE_RECURSION = YES;
				CLANG_WARN_INT_CONVERSION = YES;
				CLANG_WARN_NON_LITERAL_NULL_CONVERSION = YES;
				CLANG_WARN_OBJC_IMPLICIT_RETAIN_SELF = YES;
				CLANG_WARN_OBJC_LITERAL_CONVERSION = YES;
				CLANG_WARN_OBJC_ROOT_CLASS = YES_ERROR;
				CLANG_WARN_RANGE_LOOP_ANALYSIS = YES;
				CLANG_WARN_STRICT_PROTOTYPES = YES;
				CLANG_WARN_SUSPICIOUS_MOVE = YES;
				CLANG_WARN_UNGUARDED_AVAILABILITY = YES_AGGRESSIVE;
				CLANG_WARN_UNREACHABLE_CODE = YES;
				CLANG_WARN__DUPLICATE_METHOD_MATCH = YES;
				COPY_PHASE_STRIP = NO;
				DEBUG_INFORMATION_FORMAT = dwarf;
				ENABLE_STRICT_OBJC_MSGSEND = YES;
				ENABLE_TESTABILITY = YES;
				GCC_C_LANGUAGE_STANDARD = gnu11;
				GCC_DYNAMIC_NO_PIC = NO;
				GCC_NO_COMMON_BLOCKS = YES;
				GCC_OPTIMIZATION_LEVEL = 0;
				GCC_PREPROCESSOR_DEFINITIONS = (
					"DEBUG=1",
					"$(inherited)",
				);
				GCC_WARN_64_TO_32_BIT_CONVERSION = YES;
				GCC_WARN_ABOUT_RETURN_TYPE = YES_ERROR;
				GCC_WARN_UNDECLARED_SELECTOR = YES;
				GCC_WARN_UNINITIALIZED_AUTOS = YES_AGGRESSIVE;
				GCC_WARN_UNUSED_FUNCTION = YES;
				GCC_WARN_UNUSED_VARIABLE = YES;
				IPHONEOS_DEPLOYMENT_TARGET = 13.4;
				MTL_ENABLE_DEBUG_INFO = INCLUDE_SOURCE;
				MTL_FAST_MATH = YES;
				ONLY_ACTIVE_ARCH = YES;
				SDKROOT = iphoneos;
				SWIFT_ACTIVE_COMPILATION_CONDITIONS = DEBUG;
				SWIFT_OPTIMIZATION_LEVEL = "-Onone";
			};
			name = Debug;
		};
		8DA58996245A4DBA000CFAEC /* Release */ = {
			isa = XCBuildConfiguration;
			buildSettings = {
				ALWAYS_SEARCH_USER_PATHS = NO;
				CLANG_ANALYZER_NONNULL = YES;
				CLANG_ANALYZER_NUMBER_OBJECT_CONVERSION = YES_AGGRESSIVE;
				CLANG_CXX_LANGUAGE_STANDARD = "gnu++14";
				CLANG_CXX_LIBRARY = "libc++";
				CLANG_ENABLE_MODULES = YES;
				CLANG_ENABLE_OBJC_ARC = YES;
				CLANG_ENABLE_OBJC_WEAK = YES;
				CLANG_WARN_BLOCK_CAPTURE_AUTORELEASING = YES;
				CLANG_WARN_BOOL_CONVERSION = YES;
				CLANG_WARN_COMMA = YES;
				CLANG_WARN_CONSTANT_CONVERSION = YES;
				CLANG_WARN_DEPRECATED_OBJC_IMPLEMENTATIONS = YES;
				CLANG_WARN_DIRECT_OBJC_ISA_USAGE = YES_ERROR;
				CLANG_WARN_DOCUMENTATION_COMMENTS = YES;
				CLANG_WARN_EMPTY_BODY = YES;
				CLANG_WARN_ENUM_CONVERSION = YES;
				CLANG_WARN_INFINITE_RECURSION = YES;
				CLANG_WARN_INT_CONVERSION = YES;
				CLANG_WARN_NON_LITERAL_NULL_CONVERSION = YES;
				CLANG_WARN_OBJC_IMPLICIT_RETAIN_SELF = YES;
				CLANG_WARN_OBJC_LITERAL_CONVERSION = YES;
				CLANG_WARN_OBJC_ROOT_CLASS = YES_ERROR;
				CLANG_WARN_RANGE_LOOP_ANALYSIS = YES;
				CLANG_WARN_STRICT_PROTOTYPES = YES;
				CLANG_WARN_SUSPICIOUS_MOVE = YES;
				CLANG_WARN_UNGUARDED_AVAILABILITY = YES_AGGRESSIVE;
				CLANG_WARN_UNREACHABLE_CODE = YES;
				CLANG_WARN__DUPLICATE_METHOD_MATCH = YES;
				COPY_PHASE_STRIP = NO;
				DEBUG_INFORMATION_FORMAT = "dwarf-with-dsym";
				ENABLE_NS_ASSERTIONS = NO;
				ENABLE_STRICT_OBJC_MSGSEND = YES;
				GCC_C_LANGUAGE_STANDARD = gnu11;
				GCC_NO_COMMON_BLOCKS = YES;
				GCC_WARN_64_TO_32_BIT_CONVERSION = YES;
				GCC_WARN_ABOUT_RETURN_TYPE = YES_ERROR;
				GCC_WARN_UNDECLARED_SELECTOR = YES;
				GCC_WARN_UNINITIALIZED_AUTOS = YES_AGGRESSIVE;
				GCC_WARN_UNUSED_FUNCTION = YES;
				GCC_WARN_UNUSED_VARIABLE = YES;
				IPHONEOS_DEPLOYMENT_TARGET = 13.4;
				MTL_ENABLE_DEBUG_INFO = NO;
				MTL_FAST_MATH = YES;
				SDKROOT = iphoneos;
				SWIFT_COMPILATION_MODE = wholemodule;
				SWIFT_OPTIMIZATION_LEVEL = "-O";
				VALIDATE_PRODUCT = YES;
			};
			name = Release;
		};
		8DA58998245A4DBA000CFAEC /* Debug */ = {
			isa = XCBuildConfiguration;
			buildSettings = {
				ASSETCATALOG_COMPILER_APPICON_NAME = AppIcon;
				CODE_SIGN_STYLE = Automatic;
				DEVELOPMENT_ASSET_PATHS = "\"COVID19App/Preview Content\"";
				DEVELOPMENT_TEAM = B2Q8EGNCQA;
				ENABLE_PREVIEWS = YES;
				INFOPLIST_FILE = COVID19App/Info.plist;
				LD_RUNPATH_SEARCH_PATHS = (
					"$(inherited)",
					"@executable_path/Frameworks",
				);
				PRODUCT_BUNDLE_IDENTIFIER = com.azamsharp.COVID19App;
				PRODUCT_NAME = "$(TARGET_NAME)";
				SWIFT_VERSION = 5.0;
				TARGETED_DEVICE_FAMILY = "1,2";
			};
			name = Debug;
		};
		8DA58999245A4DBA000CFAEC /* Release */ = {
			isa = XCBuildConfiguration;
			buildSettings = {
				ASSETCATALOG_COMPILER_APPICON_NAME = AppIcon;
				CODE_SIGN_STYLE = Automatic;
				DEVELOPMENT_ASSET_PATHS = "\"COVID19App/Preview Content\"";
				DEVELOPMENT_TEAM = B2Q8EGNCQA;
				ENABLE_PREVIEWS = YES;
				INFOPLIST_FILE = COVID19App/Info.plist;
				LD_RUNPATH_SEARCH_PATHS = (
					"$(inherited)",
					"@executable_path/Frameworks",
				);
				PRODUCT_BUNDLE_IDENTIFIER = com.azamsharp.COVID19App;
				PRODUCT_NAME = "$(TARGET_NAME)";
				SWIFT_VERSION = 5.0;
				TARGETED_DEVICE_FAMILY = "1,2";
			};
			name = Release;
		};
/* End XCBuildConfiguration section */

/* Begin XCConfigurationList section */
		8DA5897E245A4DB8000CFAEC /* Build configuration list for PBXProject "COVID19App" */ = {
			isa = XCConfigurationList;
			buildConfigurations = (
				8DA58995245A4DBA000CFAEC /* Debug */,
				8DA58996245A4DBA000CFAEC /* Release */,
			);
			defaultConfigurationIsVisible = 0;
			defaultConfigurationName = Release;
		};
		8DA58997245A4DBA000CFAEC /* Build configuration list for PBXNativeTarget "COVID19App" */ = {
			isa = XCConfigurationList;
			buildConfigurations = (
				8DA58998245A4DBA000CFAEC /* Debug */,
				8DA58999245A4DBA000CFAEC /* Release */,
			);
			defaultConfigurationIsVisible = 0;
			defaultConfigurationName = Release;
		};
/* End XCConfigurationList section */
	};
	rootObject = 8DA5897B245A4DB8000CFAEC /* Project object */;
}
